
Microsoft Visual Studio Solution File, Format Version 12.00
# Visual Studio 2017
Project("{FAE04EC0-301F-11D3-BF4B-00C04F79EFBC}") = "SharedSandbox", "SharedSandbox.csproj", "{D37765D8-CE8D-4139-B406-8C85E6615233}"
EndProject
Global
	GlobalSection(SolutionConfigurationPlatforms) = preSolution
		Debug|Any CPU = Debug|Any CPU
		Release|Any CPU = Release|Any CPU
	EndGlobalSection
	GlobalSection(ProjectConfigurationPlatforms) = postSolution
		{D37765D8-CE8D-4139-B406-8C85E6615233}.Debug|Any CPU.ActiveCfg = Debug|Any CPU
		{D37765D8-CE8D-4139-B406-8C85E6615233}.Debug|Any CPU.Build.0 = Debug|Any CPU
		{D37765D8-CE8D-4139-B406-8C85E6615233}.Release|Any CPU.ActiveCfg = Release|Any CPU
		{D37765D8-CE8D-4139-B406-8C85E6615233}.Release|Any CPU.Build.0 = Release|Any CPU
	EndGlobalSection
	GlobalSection(SolutionProperties) = preSolution
		HideSolutionNode = FALSE
	EndGlobalSection
EndGlobal
